<?xml version="1.0" encoding="utf-8"?>
<Project ToolsVersion="16.0" xmlns="http://schemas.microsoft.com/developer/msbuild/2003">
  <ItemGroup>
    <ClCompile Include="C:\git_repos\sqlitebrowser\libs\qscintilla\Qt4Qt5\qsciscintilla.cpp">
      <Filter>Source Files</Filter>
    </ClCompile>
    <ClCompile Include="C:\git_repos\sqlitebrowser\libs\qscintilla\Qt4Qt5\qsciscintillabase.cpp">
      <Filter>Source Files</Filter>
    </ClCompile>
    <ClCompile Include="C:\git_repos\sqlitebrowser\libs\qscintilla\Qt4Qt5\qsciabstractapis.cpp">
      <Filter>Source Files</Filter>
    </ClCompile>
    <ClCompile Include="C:\git_repos\sqlitebrowser\libs\qscintilla\Qt4Qt5\qsciapis.cpp">
      <Filter>Source Files</Filter>
    </ClCompile>
    <ClCompile Include="C:\git_repos\sqlitebrowser\libs\qscintilla\Qt4Qt5\qscicommand.cpp">
      <Filter>Source Files</Filter>
    </ClCompile>
    <ClCompile Include="C:\git_repos\sqlitebrowser\libs\qscintilla\Qt4Qt5\qscicommandset.cpp">
      <Filter>Source Files</Filter>
    </ClCompile>
    <ClCompile Include="C:\git_repos\sqlitebrowser\libs\qscintilla\Qt4Qt5\qscidocument.cpp">
      <Filter>Source Files</Filter>
    </ClCompile>
    <ClCompile Include="C:\git_repos\sqlitebrowser\libs\qscintilla\Qt4Qt5\qscilexer.cpp">
      <Filter>Source Files</Filter>
    </ClCompile>
    <ClCompile Include="C:\git_repos\sqlitebrowser\libs\qscintilla\Qt4Qt5\qscilexercustom.cpp">
      <Filter>Source Files</Filter>
    </ClCompile>
    <ClCompile Include="C:\git_repos\sqlitebrowser\libs\qscintilla\Qt4Qt5\qscilexersql.cpp">
      <Filter>Source Files</Filter>
    </ClCompile>
    <ClCompile Include="C:\git_repos\sqlitebrowser\libs\qscintilla\Qt4Qt5\qscilexerjson.cpp">
      <Filter>Source Files</Filter>
    </ClCompile>
    <ClCompile Include="C:\git_repos\sqlitebrowser\libs\qscintilla\Qt4Qt5\qscilexerhtml.cpp">
      <Filter>Source Files</Filter>
    </ClCompile>
    <ClCompile Include="C:\git_repos\sqlitebrowser\libs\qscintilla\Qt4Qt5\qscilexerxml.cpp">
      <Filter>Source Files</Filter>
    </ClCompile>
    <ClCompile Include="C:\git_repos\sqlitebrowser\libs\qscintilla\Qt4Qt5\qscilexerjavascript.cpp">
      <Filter>Source Files</Filter>
    </ClCompile>
    <ClCompile Include="C:\git_repos\sqlitebrowser\libs\qscintilla\Qt4Qt5\qscilexercpp.cpp">
      <Filter>Source Files</Filter>
    </ClCompile>
    <ClCompile Include="C:\git_repos\sqlitebrowser\libs\qscintilla\Qt4Qt5\qscilexerpython.cpp">
      <Filter>Source Files</Filter>
    </ClCompile>
    <ClCompile Include="C:\git_repos\sqlitebrowser\libs\qscintilla\Qt4Qt5\qscimacro.cpp">
      <Filter>Source Files</Filter>
    </ClCompile>
    <ClCompile Include="C:\git_repos\sqlitebrowser\libs\qscintilla\Qt4Qt5\qsciprinter.cpp">
      <Filter>Source Files</Filter>
    </ClCompile>
    <ClCompile Include="C:\git_repos\sqlitebrowser\libs\qscintilla\Qt4Qt5\qscistyle.cpp">
      <Filter>Source Files</Filter>
    </ClCompile>
    <ClCompile Include="C:\git_repos\sqlitebrowser\libs\qscintilla\Qt4Qt5\qscistyledtext.cpp">
      <Filter>Source Files</Filter>
    </ClCompile>
    <ClCompile Include="C:\git_repos\sqlitebrowser\libs\qscintilla\Qt4Qt5\MacPasteboardMime.cpp">
      <Filter>Source Files</Filter>
    </ClCompile>
    <ClCompile Include="C:\git_repos\sqlitebrowser\libs\qscintilla\Qt4Qt5\InputMethod.cpp">
      <Filter>Source Files</Filter>
    </ClCompile>
    <ClCompile Include="C:\git_repos\sqlitebrowser\libs\qscintilla\Qt4Qt5\SciClasses.cpp">
      <Filter>Source Files</Filter>
    </ClCompile>
    <ClCompile Include="C:\git_repos\sqlitebrowser\libs\qscintilla\Qt4Qt5\ListBoxQt.cpp">
      <Filter>Source Files</Filter>
    </ClCompile>
    <ClCompile Include="C:\git_repos\sqlitebrowser\libs\qscintilla\Qt4Qt5\PlatQt.cpp">
      <Filter>Source Files</Filter>
    </ClCompile>
    <ClCompile Include="C:\git_repos\sqlitebrowser\libs\qscintilla\Qt4Qt5\ScintillaQt.cpp">
      <Filter>Source Files</Filter>
    </ClCompile>
    <ClCompile Include="C:\git_repos\sqlitebrowser\libs\qscintilla\Qt4Qt5\SciAccessibility.cpp">
      <Filter>Source Files</Filter>
    </ClCompile>
    <ClCompile Include="C:\git_repos\sqlitebrowser\libs\qscintilla\lexers\LexSQL.cpp">
      <Filter>Source Files</Filter>
    </ClCompile>
    <ClCompile Include="C:\git_repos\sqlitebrowser\libs\qscintilla\lexers\LexJSON.cpp">
      <Filter>Source Files</Filter>
    </ClCompile>
    <ClCompile Include="C:\git_repos\sqlitebrowser\libs\qscintilla\lexers\LexHTML.cpp">
      <Filter>Source Files</Filter>
    </ClCompile>
    <ClCompile Include="C:\git_repos\sqlitebrowser\libs\qscintilla\lexlib\Accessor.cpp">
      <Filter>Source Files</Filter>
    </ClCompile>
    <ClCompile Include="C:\git_repos\sqlitebrowser\libs\qscintilla\lexlib\CharacterCategory.cpp">
      <Filter>Source Files</Filter>
    </ClCompile>
    <ClCompile Include="C:\git_repos\sqlitebrowser\libs\qscintilla\lexlib\CharacterSet.cpp">
      <Filter>Source Files</Filter>
    </ClCompile>
    <ClCompile Include="C:\git_repos\sqlitebrowser\libs\qscintilla\lexlib\DefaultLexer.cpp">
      <Filter>Source Files</Filter>
    </ClCompile>
    <ClCompile Include="C:\git_repos\sqlitebrowser\libs\qscintilla\lexlib\LexerBase.cpp">
      <Filter>Source Files</Filter>
    </ClCompile>
    <ClCompile Include="C:\git_repos\sqlitebrowser\libs\qscintilla\lexlib\LexerModule.cpp">
      <Filter>Source Files</Filter>
    </ClCompile>
    <ClCompile Include="C:\git_repos\sqlitebrowser\libs\qscintilla\lexlib\LexerNoExceptions.cpp">
      <Filter>Source Files</Filter>
    </ClCompile>
    <ClCompile Include="C:\git_repos\sqlitebrowser\libs\qscintilla\lexlib\LexerSimple.cpp">
      <Filter>Source Files</Filter>
    </ClCompile>
    <ClCompile Include="C:\git_repos\sqlitebrowser\libs\qscintilla\lexlib\PropSetSimple.cpp">
      <Filter>Source Files</Filter>
    </ClCompile>
    <ClCompile Include="C:\git_repos\sqlitebrowser\libs\qscintilla\lexlib\StyleContext.cpp">
      <Filter>Source Files</Filter>
    </ClCompile>
    <ClCompile Include="C:\git_repos\sqlitebrowser\libs\qscintilla\lexlib\WordList.cpp">
      <Filter>Source Files</Filter>
    </ClCompile>
    <ClCompile Include="C:\git_repos\sqlitebrowser\libs\qscintilla\src\AutoComplete.cpp">
      <Filter>Source Files</Filter>
    </ClCompile>
    <ClCompile Include="C:\git_repos\sqlitebrowser\libs\qscintilla\src\CallTip.cpp">
      <Filter>Source Files</Filter>
    </ClCompile>
    <ClCompile Include="C:\git_repos\sqlitebrowser\libs\qscintilla\src\CaseConvert.cpp">
      <Filter>Source Files</Filter>
    </ClCompile>
    <ClCompile Include="C:\git_repos\sqlitebrowser\libs\qscintilla\src\CaseFolder.cpp">
      <Filter>Source Files</Filter>
    </ClCompile>
    <ClCompile Include="C:\git_repos\sqlitebrowser\libs\qscintilla\src\Catalogue.cpp">
      <Filter>Source Files</Filter>
    </ClCompile>
    <ClCompile Include="C:\git_repos\sqlitebrowser\libs\qscintilla\src\CellBuffer.cpp">
      <Filter>Source Files</Filter>
    </ClCompile>
    <ClCompile Include="C:\git_repos\sqlitebrowser\libs\qscintilla\src\CharClassify.cpp">
      <Filter>Source Files</Filter>
    </ClCompile>
    <ClCompile Include="C:\git_repos\sqlitebrowser\libs\qscintilla\src\ContractionState.cpp">
      <Filter>Source Files</Filter>
    </ClCompile>
    <ClCompile Include="C:\git_repos\sqlitebrowser\libs\qscintilla\src\Decoration.cpp">
      <Filter>Source Files</Filter>
    </ClCompile>
    <ClCompile Include="C:\git_repos\sqlitebrowser\libs\qscintilla\src\Document.cpp">
      <Filter>Source Files</Filter>
    </ClCompile>
    <ClCompile Include="C:\git_repos\sqlitebrowser\libs\qscintilla\src\Editor.cpp">
      <Filter>Source Files</Filter>
    </ClCompile>
    <ClCompile Include="C:\git_repos\sqlitebrowser\libs\qscintilla\src\EditModel.cpp">
      <Filter>Source Files</Filter>
    </ClCompile>
    <ClCompile Include="C:\git_repos\sqlitebrowser\libs\qscintilla\src\EditView.cpp">
      <Filter>Source Files</Filter>
    </ClCompile>
    <ClCompile Include="C:\git_repos\sqlitebrowser\libs\qscintilla\src\ExternalLexer.cpp">
      <Filter>Source Files</Filter>
    </ClCompile>
    <ClCompile Include="C:\git_repos\sqlitebrowser\libs\qscintilla\src\Indicator.cpp">
      <Filter>Source Files</Filter>
    </ClCompile>
    <ClCompile Include="C:\git_repos\sqlitebrowser\libs\qscintilla\src\KeyMap.cpp">
      <Filter>Source Files</Filter>
    </ClCompile>
    <ClCompile Include="C:\git_repos\sqlitebrowser\libs\qscintilla\src\LineMarker.cpp">
      <Filter>Source Files</Filter>
    </ClCompile>
    <ClCompile Include="C:\git_repos\sqlitebrowser\libs\qscintilla\src\MarginView.cpp">
      <Filter>Source Files</Filter>
    </ClCompile>
    <ClCompile Include="C:\git_repos\sqlitebrowser\libs\qscintilla\src\PerLine.cpp">
      <Filter>Source Files</Filter>
    </ClCompile>
    <ClCompile Include="C:\git_repos\sqlitebrowser\libs\qscintilla\src\PositionCache.cpp">
      <Filter>Source Files</Filter>
    </ClCompile>
    <ClCompile Include="C:\git_repos\sqlitebrowser\libs\qscintilla\src\RESearch.cpp">
      <Filter>Source Files</Filter>
    </ClCompile>
    <ClCompile Include="C:\git_repos\sqlitebrowser\libs\qscintilla\src\RunStyles.cpp">
      <Filter>Source Files</Filter>
    </ClCompile>
    <ClCompile Include="C:\git_repos\sqlitebrowser\libs\qscintilla\src\ScintillaBase.cpp">
      <Filter>Source Files</Filter>
    </ClCompile>
    <ClCompile Include="C:\git_repos\sqlitebrowser\libs\qscintilla\src\Selection.cpp">
      <Filter>Source Files</Filter>
    </ClCompile>
    <ClCompile Include="C:\git_repos\sqlitebrowser\libs\qscintilla\src\Style.cpp">
      <Filter>Source Files</Filter>
    </ClCompile>
    <ClCompile Include="C:\git_repos\sqlitebrowser\libs\qscintilla\src\UniConversion.cpp">
      <Filter>Source Files</Filter>
    </ClCompile>
    <ClCompile Include="C:\git_repos\sqlitebrowser\libs\qscintilla\src\ViewStyle.cpp">
      <Filter>Source Files</Filter>
    </ClCompile>
    <ClCompile Include="C:\git_repos\sqlitebrowser\libs\qscintilla\src\XPM.cpp">
      <Filter>Source Files</Filter>
    </ClCompile>
    <ClCompile Include="C:\git_repos\sqlitebrowser\libs\qscintilla\Qt4Qt5\Qsci\moc_qsciscintilla.cpp">
      <Filter>Source Files</Filter>
    </ClCompile>
    <ClCompile Include="C:\git_repos\sqlitebrowser\libs\qscintilla\Qt4Qt5\Qsci\moc_qsciscintillabase.cpp">
      <Filter>Source Files</Filter>
    </ClCompile>
    <ClCompile Include="C:\git_repos\sqlitebrowser\libs\qscintilla\Qt4Qt5\Qsci\moc_qsciabstractapis.cpp">
      <Filter>Source Files</Filter>
    </ClCompile>
    <ClCompile Include="C:\git_repos\sqlitebrowser\libs\qscintilla\Qt4Qt5\Qsci\moc_qsciapis.cpp">
      <Filter>Source Files</Filter>
    </ClCompile>
    <ClCompile Include="C:\git_repos\sqlitebrowser\libs\qscintilla\Qt4Qt5\Qsci\moc_qscilexer.cpp">
      <Filter>Source Files</Filter>
    </ClCompile>
    <ClCompile Include="C:\git_repos\sqlitebrowser\libs\qscintilla\Qt4Qt5\Qsci\moc_qscilexercustom.cpp">
      <Filter>Source Files</Filter>
    </ClCompile>
    <ClCompile Include="C:\git_repos\sqlitebrowser\libs\qscintilla\Qt4Qt5\Qsci\moc_qscilexersql.cpp">
      <Filter>Source Files</Filter>
    </ClCompile>
    <ClCompile Include="C:\git_repos\sqlitebrowser\libs\qscintilla\Qt4Qt5\Qsci\moc_qscilexerjson.cpp">
      <Filter>Source Files</Filter>
    </ClCompile>
    <ClCompile Include="C:\git_repos\sqlitebrowser\libs\qscintilla\Qt4Qt5\Qsci\moc_qscilexerhtml.cpp">
      <Filter>Source Files</Filter>
    </ClCompile>
    <ClCompile Include="C:\git_repos\sqlitebrowser\libs\qscintilla\Qt4Qt5\Qsci\moc_qscilexerxml.cpp">
      <Filter>Source Files</Filter>
    </ClCompile>
    <ClCompile Include="C:\git_repos\sqlitebrowser\libs\qscintilla\Qt4Qt5\Qsci\moc_qscilexerjavascript.cpp">
      <Filter>Source Files</Filter>
    </ClCompile>
    <ClCompile Include="C:\git_repos\sqlitebrowser\libs\qscintilla\Qt4Qt5\Qsci\moc_qscilexercpp.cpp">
      <Filter>Source Files</Filter>
    </ClCompile>
    <ClCompile Include="C:\git_repos\sqlitebrowser\libs\qscintilla\Qt4Qt5\Qsci\moc_qscilexerpython.cpp">
      <Filter>Source Files</Filter>
    </ClCompile>
    <ClCompile Include="C:\git_repos\sqlitebrowser\libs\qscintilla\Qt4Qt5\Qsci\moc_qscimacro.cpp">
      <Filter>Source Files</Filter>
    </ClCompile>
    <ClCompile Include="C:\git_repos\sqlitebrowser\libs\qscintilla\Qt4Qt5\moc_SciClasses.cpp">
      <Filter>Source Files</Filter>
    </ClCompile>
    <ClCompile Include="C:\git_repos\sqlitebrowser\libs\qscintilla\Qt4Qt5\moc_ScintillaQt.cpp">
      <Filter>Source Files</Filter>
    </ClCompile>
    <ClCompile Include="C:\git_repos\sqlitebrowser\libs\qscintilla\Qt4Qt5\moc_SciAccessibility.cpp">
      <Filter>Source Files</Filter>
    </ClCompile>
  </ItemGroup>
  <ItemGroup>
    <ClInclude Include="C:\git_repos\sqlitebrowser\libs\qscintilla\Qt4Qt5\Qsci\qsciglobal.h">
      <Filter>Header Files</Filter>
    </ClInclude>
    <ClInclude Include="C:\git_repos\sqlitebrowser\libs\qscintilla\Qt4Qt5\Qsci\qscicommand.h">
      <Filter>Header Files</Filter>
    </ClInclude>
    <ClInclude Include="C:\git_repos\sqlitebrowser\libs\qscintilla\Qt4Qt5\Qsci\qscicommandset.h">
      <Filter>Header Files</Filter>
    </ClInclude>
    <ClInclude Include="C:\git_repos\sqlitebrowser\libs\qscintilla\Qt4Qt5\Qsci\qscidocument.h">
      <Filter>Header Files</Filter>
    </ClInclude>
    <ClInclude Include="C:\git_repos\sqlitebrowser\libs\qscintilla\Qt4Qt5\Qsci\qsciprinter.h">
      <Filter>Header Files</Filter>
    </ClInclude>
    <ClInclude Include="C:\git_repos\sqlitebrowser\libs\qscintilla\Qt4Qt5\Qsci\qscistyle.h">
      <Filter>Header Files</Filter>
    </ClInclude>
    <ClInclude Include="C:\git_repos\sqlitebrowser\libs\qscintilla\Qt4Qt5\Qsci\qscistyledtext.h">
      <Filter>Header Files</Filter>
    </ClInclude>
    <ClInclude Include="C:\git_repos\sqlitebrowser\libs\qscintilla\Qt4Qt5\ListBoxQt.h">
      <Filter>Header Files</Filter>
    </ClInclude>
    <ClInclude Include="C:\git_repos\sqlitebrowser\libs\qscintilla\Qt4Qt5\SciNamespace.h">
      <Filter>Header Files</Filter>
    </ClInclude>
    <ClInclude Include="C:\git_repos\sqlitebrowser\libs\qscintilla\include\ILexer.h">
      <Filter>Header Files</Filter>
    </ClInclude>
    <ClInclude Include="C:\git_repos\sqlitebrowser\libs\qscintilla\include\Platform.h">
      <Filter>Header Files</Filter>
    </ClInclude>
    <ClInclude Include="C:\git_repos\sqlitebrowser\libs\qscintilla\include\SciLexer.h">
      <Filter>Header Files</Filter>
    </ClInclude>
    <ClInclude Include="C:\git_repos\sqlitebrowser\libs\qscintilla\include\Scintilla.h">
      <Filter>Header Files</Filter>
    </ClInclude>
    <ClInclude Include="C:\git_repos\sqlitebrowser\libs\qscintilla\include\ScintillaWidget.h">
      <Filter>Header Files</Filter>
    </ClInclude>
    <ClInclude Include="C:\git_repos\sqlitebrowser\libs\qscintilla\include\Sci_Position.h">
      <Filter>Header Files</Filter>
    </ClInclude>
    <ClInclude Include="C:\git_repos\sqlitebrowser\libs\qscintilla\lexlib\Accessor.h">
      <Filter>Header Files</Filter>
    </ClInclude>
    <ClInclude Include="C:\git_repos\sqlitebrowser\libs\qscintilla\lexlib\CharacterCategory.h">
      <Filter>Header Files</Filter>
    </ClInclude>
    <ClInclude Include="C:\git_repos\sqlitebrowser\libs\qscintilla\lexlib\CharacterSet.h">
      <Filter>Header Files</Filter>
    </ClInclude>
    <ClInclude Include="C:\git_repos\sqlitebrowser\libs\qscintilla\lexlib\DefaultLexer.h">
      <Filter>Header Files</Filter>
    </ClInclude>
    <ClInclude Include="C:\git_repos\sqlitebrowser\libs\qscintilla\lexlib\LexAccessor.h">
      <Filter>Header Files</Filter>
    </ClInclude>
    <ClInclude Include="C:\git_repos\sqlitebrowser\libs\qscintilla\lexlib\LexerBase.h">
      <Filter>Header Files</Filter>
    </ClInclude>
    <ClInclude Include="C:\git_repos\sqlitebrowser\libs\qscintilla\lexlib\LexerModule.h">
      <Filter>Header Files</Filter>
    </ClInclude>
    <ClInclude Include="C:\git_repos\sqlitebrowser\libs\qscintilla\lexlib\LexerNoExceptions.h">
      <Filter>Header Files</Filter>
    </ClInclude>
    <ClInclude Include="C:\git_repos\sqlitebrowser\libs\qscintilla\lexlib\LexerSimple.h">
      <Filter>Header Files</Filter>
    </ClInclude>
    <ClInclude Include="C:\git_repos\sqlitebrowser\libs\qscintilla\lexlib\OptionSet.h">
      <Filter>Header Files</Filter>
    </ClInclude>
    <ClInclude Include="C:\git_repos\sqlitebrowser\libs\qscintilla\lexlib\PropSetSimple.h">
      <Filter>Header Files</Filter>
    </ClInclude>
    <ClInclude Include="C:\git_repos\sqlitebrowser\libs\qscintilla\lexlib\StyleContext.h">
      <Filter>Header Files</Filter>
    </ClInclude>
    <ClInclude Include="C:\git_repos\sqlitebrowser\libs\qscintilla\lexlib\SubStyles.h">
      <Filter>Header Files</Filter>
    </ClInclude>
    <ClInclude Include="C:\git_repos\sqlitebrowser\libs\qscintilla\lexlib\WordList.h">
      <Filter>Header Files</Filter>
    </ClInclude>
    <ClInclude Include="C:\git_repos\sqlitebrowser\libs\qscintilla\src\AutoComplete.h">
      <Filter>Header Files</Filter>
    </ClInclude>
    <ClInclude Include="C:\git_repos\sqlitebrowser\libs\qscintilla\src\CallTip.h">
      <Filter>Header Files</Filter>
    </ClInclude>
    <ClInclude Include="C:\git_repos\sqlitebrowser\libs\qscintilla\src\CaseConvert.h">
      <Filter>Header Files</Filter>
    </ClInclude>
    <ClInclude Include="C:\git_repos\sqlitebrowser\libs\qscintilla\src\CaseFolder.h">
      <Filter>Header Files</Filter>
    </ClInclude>
    <ClInclude Include="C:\git_repos\sqlitebrowser\libs\qscintilla\src\Catalogue.h">
      <Filter>Header Files</Filter>
    </ClInclude>
    <ClInclude Include="C:\git_repos\sqlitebrowser\libs\qscintilla\src\CellBuffer.h">
      <Filter>Header Files</Filter>
    </ClInclude>
    <ClInclude Include="C:\git_repos\sqlitebrowser\libs\qscintilla\src\CharClassify.h">
      <Filter>Header Files</Filter>
    </ClInclude>
    <ClInclude Include="C:\git_repos\sqlitebrowser\libs\qscintilla\src\ContractionState.h">
      <Filter>Header Files</Filter>
    </ClInclude>
    <ClInclude Include="C:\git_repos\sqlitebrowser\libs\qscintilla\src\Decoration.h">
      <Filter>Header Files</Filter>
    </ClInclude>
    <ClInclude Include="C:\git_repos\sqlitebrowser\libs\qscintilla\src\Document.h">
      <Filter>Header Files</Filter>
    </ClInclude>
    <ClInclude Include="C:\git_repos\sqlitebrowser\libs\qscintilla\src\Editor.h">
      <Filter>Header Files</Filter>
    </ClInclude>
    <ClInclude Include="C:\git_repos\sqlitebrowser\libs\qscintilla\src\ExternalLexer.h">
      <Filter>Header Files</Filter>
    </ClInclude>
    <ClInclude Include="C:\git_repos\sqlitebrowser\libs\qscintilla\src\FontQuality.h">
      <Filter>Header Files</Filter>
    </ClInclude>
    <ClInclude Include="C:\git_repos\sqlitebrowser\libs\qscintilla\src\Indicator.h">
      <Filter>Header Files</Filter>
    </ClInclude>
    <ClInclude Include="C:\git_repos\sqlitebrowser\libs\qscintilla\src\KeyMap.h">
      <Filter>Header Files</Filter>
    </ClInclude>
    <ClInclude Include="C:\git_repos\sqlitebrowser\libs\qscintilla\src\LineMarker.h">
      <Filter>Header Files</Filter>
    </ClInclude>
    <ClInclude Include="C:\git_repos\sqlitebrowser\libs\qscintilla\src\Partitioning.h">
      <Filter>Header Files</Filter>
    </ClInclude>
    <ClInclude Include="C:\git_repos\sqlitebrowser\libs\qscintilla\src\PerLine.h">
      <Filter>Header Files</Filter>
    </ClInclude>
    <ClInclude Include="C:\git_repos\sqlitebrowser\libs\qscintilla\src\PositionCache.h">
      <Filter>Header Files</Filter>
    </ClInclude>
    <ClInclude Include="C:\git_repos\sqlitebrowser\libs\qscintilla\src\RESearch.h">
      <Filter>Header Files</Filter>
    </ClInclude>
    <ClInclude Include="C:\git_repos\sqlitebrowser\libs\qscintilla\src\RunStyles.h">
      <Filter>Header Files</Filter>
    </ClInclude>
    <ClInclude Include="C:\git_repos\sqlitebrowser\libs\qscintilla\src\ScintillaBase.h">
      <Filter>Header Files</Filter>
    </ClInclude>
    <ClInclude Include="C:\git_repos\sqlitebrowser\libs\qscintilla\src\Selection.h">
      <Filter>Header Files</Filter>
    </ClInclude>
    <ClInclude Include="C:\git_repos\sqlitebrowser\libs\qscintilla\src\SplitVector.h">
      <Filter>Header Files</Filter>
    </ClInclude>
    <ClInclude Include="C:\git_repos\sqlitebrowser\libs\qscintilla\src\Style.h">
      <Filter>Header Files</Filter>
    </ClInclude>
    <ClInclude Include="C:\git_repos\sqlitebrowser\libs\qscintilla\src\UnicodeFromUTF8.h">
      <Filter>Header Files</Filter>
    </ClInclude>
    <ClInclude Include="C:\git_repos\sqlitebrowser\libs\qscintilla\src\UniConversion.h">
      <Filter>Header Files</Filter>
    </ClInclude>
    <ClInclude Include="C:\git_repos\sqlitebrowser\libs\qscintilla\src\ViewStyle.h">
      <Filter>Header Files</Filter>
    </ClInclude>
    <ClInclude Include="C:\git_repos\sqlitebrowser\libs\qscintilla\src\XPM.h">
      <Filter>Header Files</Filter>
    </ClInclude>
    <ClInclude Include="C:\git_repos\sqlitebrowser\libs\qscintilla\src\Position.h">
      <Filter>Header Files</Filter>
    </ClInclude>
    <ClInclude Include="C:\git_repos\sqlitebrowser\libs\qscintilla\src\SparseVector.h">
      <Filter>Header Files</Filter>
    </ClInclude>
    <ClInclude Include="C:\git_repos\sqlitebrowser\libs\qscintilla\Qt4Qt5\Qsci\qsciscintilla.h">
      <Filter>Header Files</Filter>
    </ClInclude>
    <ClInclude Include="C:\git_repos\sqlitebrowser\libs\qscintilla\Qt4Qt5\Qsci\qsciscintillabase.h">
      <Filter>Header Files</Filter>
    </ClInclude>
    <ClInclude Include="C:\git_repos\sqlitebrowser\libs\qscintilla\Qt4Qt5\Qsci\qsciabstractapis.h">
      <Filter>Header Files</Filter>
    </ClInclude>
    <ClInclude Include="C:\git_repos\sqlitebrowser\libs\qscintilla\Qt4Qt5\Qsci\qsciapis.h">
      <Filter>Header Files</Filter>
    </ClInclude>
    <ClInclude Include="C:\git_repos\sqlitebrowser\libs\qscintilla\Qt4Qt5\Qsci\qscilexer.h">
      <Filter>Header Files</Filter>
    </ClInclude>
    <ClInclude Include="C:\git_repos\sqlitebrowser\libs\qscintilla\Qt4Qt5\Qsci\qscilexercustom.h">
      <Filter>Header Files</Filter>
    </ClInclude>
    <ClInclude Include="C:\git_repos\sqlitebrowser\libs\qscintilla\Qt4Qt5\Qsci\qscilexersql.h">
      <Filter>Header Files</Filter>
    </ClInclude>
    <ClInclude Include="C:\git_repos\sqlitebrowser\libs\qscintilla\Qt4Qt5\Qsci\qscilexerjson.h">
      <Filter>Header Files</Filter>
    </ClInclude>
    <ClInclude Include="C:\git_repos\sqlitebrowser\libs\qscintilla\Qt4Qt5\Qsci\qscilexerhtml.h">
      <Filter>Header Files</Filter>
    </ClInclude>
    <ClInclude Include="C:\git_repos\sqlitebrowser\libs\qscintilla\Qt4Qt5\Qsci\qscilexerxml.h">
      <Filter>Header Files</Filter>
    </ClInclude>
    <ClInclude Include="C:\git_repos\sqlitebrowser\libs\qscintilla\Qt4Qt5\Qsci\qscilexerjavascript.h">
      <Filter>Header Files</Filter>
    </ClInclude>
    <ClInclude Include="C:\git_repos\sqlitebrowser\libs\qscintilla\Qt4Qt5\Qsci\qscilexercpp.h">
      <Filter>Header Files</Filter>
    </ClInclude>
    <ClInclude Include="C:\git_repos\sqlitebrowser\libs\qscintilla\Qt4Qt5\Qsci\qscilexerpython.h">
      <Filter>Header Files</Filter>
    </ClInclude>
    <ClInclude Include="C:\git_repos\sqlitebrowser\libs\qscintilla\Qt4Qt5\Qsci\qscimacro.h">
      <Filter>Header Files</Filter>
    </ClInclude>
    <ClInclude Include="C:\git_repos\sqlitebrowser\libs\qscintilla\Qt4Qt5\SciClasses.h">
      <Filter>Header Files</Filter>
    </ClInclude>
    <ClInclude Include="C:\git_repos\sqlitebrowser\libs\qscintilla\Qt4Qt5\ScintillaQt.h">
      <Filter>Header Files</Filter>
    </ClInclude>
    <ClInclude Include="C:\git_repos\sqlitebrowser\libs\qscintilla\Qt4Qt5\SciAccessibility.h">
      <Filter>Header Files</Filter>
    </ClInclude>
  </ItemGroup>
  <ItemGroup>
    <CustomBuild Include="C:\git_repos\sqlitebrowser\CMakeFiles\af0b494bac7669f75fd9be7fc2857567\moc_qsciscintilla.cpp.rule">
      <Filter>CMake Rules</Filter>
    </CustomBuild>
    <CustomBuild Include="C:\git_repos\sqlitebrowser\CMakeFiles\af0b494bac7669f75fd9be7fc2857567\moc_qsciscintillabase.cpp.rule">
      <Filter>CMake Rules</Filter>
    </CustomBuild>
    <CustomBuild Include="C:\git_repos\sqlitebrowser\CMakeFiles\af0b494bac7669f75fd9be7fc2857567\moc_qsciabstractapis.cpp.rule">
      <Filter>CMake Rules</Filter>
    </CustomBuild>
    <CustomBuild Include="C:\git_repos\sqlitebrowser\CMakeFiles\af0b494bac7669f75fd9be7fc2857567\moc_qsciapis.cpp.rule">
      <Filter>CMake Rules</Filter>
    </CustomBuild>
    <CustomBuild Include="C:\git_repos\sqlitebrowser\CMakeFiles\af0b494bac7669f75fd9be7fc2857567\moc_qscilexer.cpp.rule">
      <Filter>CMake Rules</Filter>
    </CustomBuild>
    <CustomBuild Include="C:\git_repos\sqlitebrowser\CMakeFiles\af0b494bac7669f75fd9be7fc2857567\moc_qscilexercustom.cpp.rule">
      <Filter>CMake Rules</Filter>
    </CustomBuild>
    <CustomBuild Include="C:\git_repos\sqlitebrowser\CMakeFiles\af0b494bac7669f75fd9be7fc2857567\moc_qscilexersql.cpp.rule">
      <Filter>CMake Rules</Filter>
    </CustomBuild>
    <CustomBuild Include="C:\git_repos\sqlitebrowser\CMakeFiles\af0b494bac7669f75fd9be7fc2857567\moc_qscilexerjson.cpp.rule">
      <Filter>CMake Rules</Filter>
    </CustomBuild>
    <CustomBuild Include="C:\git_repos\sqlitebrowser\CMakeFiles\af0b494bac7669f75fd9be7fc2857567\moc_qscilexerhtml.cpp.rule">
      <Filter>CMake Rules</Filter>
    </CustomBuild>
    <CustomBuild Include="C:\git_repos\sqlitebrowser\CMakeFiles\af0b494bac7669f75fd9be7fc2857567\moc_qscilexerxml.cpp.rule">
      <Filter>CMake Rules</Filter>
    </CustomBuild>
    <CustomBuild Include="C:\git_repos\sqlitebrowser\CMakeFiles\af0b494bac7669f75fd9be7fc2857567\moc_qscilexerjavascript.cpp.rule">
      <Filter>CMake Rules</Filter>
    </CustomBuild>
    <CustomBuild Include="C:\git_repos\sqlitebrowser\CMakeFiles\af0b494bac7669f75fd9be7fc2857567\moc_qscilexercpp.cpp.rule">
      <Filter>CMake Rules</Filter>
    </CustomBuild>
    <CustomBuild Include="C:\git_repos\sqlitebrowser\CMakeFiles\af0b494bac7669f75fd9be7fc2857567\moc_qscilexerpython.cpp.rule">
      <Filter>CMake Rules</Filter>
    </CustomBuild>
    <CustomBuild Include="C:\git_repos\sqlitebrowser\CMakeFiles\af0b494bac7669f75fd9be7fc2857567\moc_qscimacro.cpp.rule">
      <Filter>CMake Rules</Filter>
    </CustomBuild>
    <CustomBuild Include="C:\git_repos\sqlitebrowser\CMakeFiles\971fd058a398d605687fc65e6cfbc779\moc_SciClasses.cpp.rule">
      <Filter>CMake Rules</Filter>
    </CustomBuild>
    <CustomBuild Include="C:\git_repos\sqlitebrowser\CMakeFiles\971fd058a398d605687fc65e6cfbc779\moc_ScintillaQt.cpp.rule">
      <Filter>CMake Rules</Filter>
    </CustomBuild>
    <CustomBuild Include="C:\git_repos\sqlitebrowser\CMakeFiles\971fd058a398d605687fc65e6cfbc779\moc_SciAccessibility.cpp.rule">
      <Filter>CMake Rules</Filter>
    </CustomBuild>
    <CustomBuild Include="C:\git_repos\sqlitebrowser\libs\qscintilla\Qt4Qt5\CMakeLists.txt" />
  </ItemGroup>
  <ItemGroup>
    <Filter Include="CMake Rules">
      <UniqueIdentifier>{4F4B2251-8EAC-3B76-BF07-9DFAD06A2440}</UniqueIdentifier>
    </Filter>
    <Filter Include="Header Files">
      <UniqueIdentifier>{61A1E72B-C91D-30D7-9002-4A77CFC7EF58}</UniqueIdentifier>
    </Filter>
    <Filter Include="Source Files">
      <UniqueIdentifier>{A7B31E73-670D-3E72-B8E6-CF9CF83862C8}</UniqueIdentifier>
    </Filter>
  </ItemGroup>
</Project>
