
Microsoft Visual Studio Solution File, Format Version 12.00
# Visual Studio Version 16
Project("{8BC9CEB8-8B4A-11D0-8D11-00A0C91BC942}") = "ALL_BUILD", "ALL_BUILD.vcxproj", "{5FCA380A-A6DE-3516-B788-70FC09076D46}"
	ProjectSection(ProjectDependencies) = postProject
		{C5F26C4B-E4E4-33B4-B438-5E14F698B3AF} = {C5F26C4B-E4E4-33B4-B438-5E14F698B3AF}
		{DA1EFDC6-25E6-3E96-9111-1E474AA68F73} = {DA1EFDC6-25E6-3E96-9111-1E474AA68F73}
		{5A873CB3-3041-386D-91BB-E9A8FCC270D1} = {5A873CB3-3041-386D-91BB-E9A8FCC270D1}
		{461A49BF-D1E3-3E90-AB8D-EFB47CA547D6} = {461A49BF-D1E3-3E90-AB8D-EFB47CA547D6}
		{2C32A6B8-9F28-335B-B643-1B7A41F4F5A8} = {2C32A6B8-9F28-335B-B643-1B7A41F4F5A8}
	EndProjectSection
EndProject
Project("{8BC9CEB8-8B4A-11D0-8D11-00A0C91BC942}") = "INSTALL", "INSTALL.vcxproj", "{042B4FF5-EA83-3B18-9486-824F2BFF7B94}"
	ProjectSection(ProjectDependencies) = postProject
		{5FCA380A-A6DE-3516-B788-70FC09076D46} = {5FCA380A-A6DE-3516-B788-70FC09076D46}
		{C5F26C4B-E4E4-33B4-B438-5E14F698B3AF} = {C5F26C4B-E4E4-33B4-B438-5E14F698B3AF}
	EndProjectSection
EndProject
Project("{8BC9CEB8-8B4A-11D0-8D11-00A0C91BC942}") = "PACKAGE", "PACKAGE.vcxproj", "{EA9E49FC-24B8-3CA5-925B-4A3777020BBD}"
	ProjectSection(ProjectDependencies) = postProject
		{5FCA380A-A6DE-3516-B788-70FC09076D46} = {5FCA380A-A6DE-3516-B788-70FC09076D46}
		{C5F26C4B-E4E4-33B4-B438-5E14F698B3AF} = {C5F26C4B-E4E4-33B4-B438-5E14F698B3AF}
	EndProjectSection
EndProject
Project("{8BC9CEB8-8B4A-11D0-8D11-00A0C91BC942}") = "ZERO_CHECK", "ZERO_CHECK.vcxproj", "{C5F26C4B-E4E4-33B4-B438-5E14F698B3AF}"
	ProjectSection(ProjectDependencies) = postProject
	EndProjectSection
EndProject
Project("{8BC9CEB8-8B4A-11D0-8D11-00A0C91BC942}") = "qcustomplot", "libs\qcustomplot-source\qcustomplot.vcxproj", "{DA1EFDC6-25E6-3E96-9111-1E474AA68F73}"
	ProjectSection(ProjectDependencies) = postProject
		{C5F26C4B-E4E4-33B4-B438-5E14F698B3AF} = {C5F26C4B-E4E4-33B4-B438-5E14F698B3AF}
	EndProjectSection
EndProject
Project("{8BC9CEB8-8B4A-11D0-8D11-00A0C91BC942}") = "qhexedit", "libs\qhexedit\qhexedit.vcxproj", "{5A873CB3-3041-386D-91BB-E9A8FCC270D1}"
	ProjectSection(ProjectDependencies) = postProject
		{C5F26C4B-E4E4-33B4-B438-5E14F698B3AF} = {C5F26C4B-E4E4-33B4-B438-5E14F698B3AF}
	EndProjectSection
EndProject
Project("{8BC9CEB8-8B4A-11D0-8D11-00A0C91BC942}") = "qscintilla2", "libs\qscintilla\Qt4Qt5\qscintilla2.vcxproj", "{461A49BF-D1E3-3E90-AB8D-EFB47CA547D6}"
	ProjectSection(ProjectDependencies) = postProject
		{C5F26C4B-E4E4-33B4-B438-5E14F698B3AF} = {C5F26C4B-E4E4-33B4-B438-5E14F698B3AF}
	EndProjectSection
EndProject
Project("{8BC9CEB8-8B4A-11D0-8D11-00A0C91BC942}") = "sqlitebrowser", "sqlitebrowser.vcxproj", "{2C32A6B8-9F28-335B-B643-1B7A41F4F5A8}"
	ProjectSection(ProjectDependencies) = postProject
		{C5F26C4B-E4E4-33B4-B438-5E14F698B3AF} = {C5F26C4B-E4E4-33B4-B438-5E14F698B3AF}
		{DA1EFDC6-25E6-3E96-9111-1E474AA68F73} = {DA1EFDC6-25E6-3E96-9111-1E474AA68F73}
		{5A873CB3-3041-386D-91BB-E9A8FCC270D1} = {5A873CB3-3041-386D-91BB-E9A8FCC270D1}
		{461A49BF-D1E3-3E90-AB8D-EFB47CA547D6} = {461A49BF-D1E3-3E90-AB8D-EFB47CA547D6}
	EndProjectSection
EndProject
Global
	GlobalSection(SolutionConfigurationPlatforms) = preSolution
		Debug|x64 = Debug|x64
		Release|x64 = Release|x64
		MinSizeRel|x64 = MinSizeRel|x64
		RelWithDebInfo|x64 = RelWithDebInfo|x64
	EndGlobalSection
	GlobalSection(ProjectConfigurationPlatforms) = postSolution
		{5FCA380A-A6DE-3516-B788-70FC09076D46}.Debug|x64.ActiveCfg = Debug|x64
		{5FCA380A-A6DE-3516-B788-70FC09076D46}.Debug|x64.Build.0 = Debug|x64
		{5FCA380A-A6DE-3516-B788-70FC09076D46}.Release|x64.ActiveCfg = Release|x64
		{5FCA380A-A6DE-3516-B788-70FC09076D46}.Release|x64.Build.0 = Release|x64
		{5FCA380A-A6DE-3516-B788-70FC09076D46}.MinSizeRel|x64.ActiveCfg = MinSizeRel|x64
		{5FCA380A-A6DE-3516-B788-70FC09076D46}.MinSizeRel|x64.Build.0 = MinSizeRel|x64
		{5FCA380A-A6DE-3516-B788-70FC09076D46}.RelWithDebInfo|x64.ActiveCfg = RelWithDebInfo|x64
		{5FCA380A-A6DE-3516-B788-70FC09076D46}.RelWithDebInfo|x64.Build.0 = RelWithDebInfo|x64
		{042B4FF5-EA83-3B18-9486-824F2BFF7B94}.Debug|x64.ActiveCfg = Debug|x64
		{042B4FF5-EA83-3B18-9486-824F2BFF7B94}.Release|x64.ActiveCfg = Release|x64
		{042B4FF5-EA83-3B18-9486-824F2BFF7B94}.MinSizeRel|x64.ActiveCfg = MinSizeRel|x64
		{042B4FF5-EA83-3B18-9486-824F2BFF7B94}.RelWithDebInfo|x64.ActiveCfg = RelWithDebInfo|x64
		{EA9E49FC-24B8-3CA5-925B-4A3777020BBD}.Debug|x64.ActiveCfg = Debug|x64
		{EA9E49FC-24B8-3CA5-925B-4A3777020BBD}.Release|x64.ActiveCfg = Release|x64
		{EA9E49FC-24B8-3CA5-925B-4A3777020BBD}.MinSizeRel|x64.ActiveCfg = MinSizeRel|x64
		{EA9E49FC-24B8-3CA5-925B-4A3777020BBD}.RelWithDebInfo|x64.ActiveCfg = RelWithDebInfo|x64
		{C5F26C4B-E4E4-33B4-B438-5E14F698B3AF}.Debug|x64.ActiveCfg = Debug|x64
		{C5F26C4B-E4E4-33B4-B438-5E14F698B3AF}.Debug|x64.Build.0 = Debug|x64
		{C5F26C4B-E4E4-33B4-B438-5E14F698B3AF}.Release|x64.ActiveCfg = Release|x64
		{C5F26C4B-E4E4-33B4-B438-5E14F698B3AF}.Release|x64.Build.0 = Release|x64
		{C5F26C4B-E4E4-33B4-B438-5E14F698B3AF}.MinSizeRel|x64.ActiveCfg = MinSizeRel|x64
		{C5F26C4B-E4E4-33B4-B438-5E14F698B3AF}.MinSizeRel|x64.Build.0 = MinSizeRel|x64
		{C5F26C4B-E4E4-33B4-B438-5E14F698B3AF}.RelWithDebInfo|x64.ActiveCfg = RelWithDebInfo|x64
		{C5F26C4B-E4E4-33B4-B438-5E14F698B3AF}.RelWithDebInfo|x64.Build.0 = RelWithDebInfo|x64
		{DA1EFDC6-25E6-3E96-9111-1E474AA68F73}.Debug|x64.ActiveCfg = Debug|x64
		{DA1EFDC6-25E6-3E96-9111-1E474AA68F73}.Debug|x64.Build.0 = Debug|x64
		{DA1EFDC6-25E6-3E96-9111-1E474AA68F73}.Release|x64.ActiveCfg = Release|x64
		{DA1EFDC6-25E6-3E96-9111-1E474AA68F73}.Release|x64.Build.0 = Release|x64
		{DA1EFDC6-25E6-3E96-9111-1E474AA68F73}.MinSizeRel|x64.ActiveCfg = MinSizeRel|x64
		{DA1EFDC6-25E6-3E96-9111-1E474AA68F73}.MinSizeRel|x64.Build.0 = MinSizeRel|x64
		{DA1EFDC6-25E6-3E96-9111-1E474AA68F73}.RelWithDebInfo|x64.ActiveCfg = RelWithDebInfo|x64
		{DA1EFDC6-25E6-3E96-9111-1E474AA68F73}.RelWithDebInfo|x64.Build.0 = RelWithDebInfo|x64
		{5A873CB3-3041-386D-91BB-E9A8FCC270D1}.Debug|x64.ActiveCfg = Debug|x64
		{5A873CB3-3041-386D-91BB-E9A8FCC270D1}.Debug|x64.Build.0 = Debug|x64
		{5A873CB3-3041-386D-91BB-E9A8FCC270D1}.Release|x64.ActiveCfg = Release|x64
		{5A873CB3-3041-386D-91BB-E9A8FCC270D1}.Release|x64.Build.0 = Release|x64
		{5A873CB3-3041-386D-91BB-E9A8FCC270D1}.MinSizeRel|x64.ActiveCfg = MinSizeRel|x64
		{5A873CB3-3041-386D-91BB-E9A8FCC270D1}.MinSizeRel|x64.Build.0 = MinSizeRel|x64
		{5A873CB3-3041-386D-91BB-E9A8FCC270D1}.RelWithDebInfo|x64.ActiveCfg = RelWithDebInfo|x64
		{5A873CB3-3041-386D-91BB-E9A8FCC270D1}.RelWithDebInfo|x64.Build.0 = RelWithDebInfo|x64
		{461A49BF-D1E3-3E90-AB8D-EFB47CA547D6}.Debug|x64.ActiveCfg = Debug|x64
		{461A49BF-D1E3-3E90-AB8D-EFB47CA547D6}.Debug|x64.Build.0 = Debug|x64
		{461A49BF-D1E3-3E90-AB8D-EFB47CA547D6}.Release|x64.ActiveCfg = Release|x64
		{461A49BF-D1E3-3E90-AB8D-EFB47CA547D6}.Release|x64.Build.0 = Release|x64
		{461A49BF-D1E3-3E90-AB8D-EFB47CA547D6}.MinSizeRel|x64.ActiveCfg = MinSizeRel|x64
		{461A49BF-D1E3-3E90-AB8D-EFB47CA547D6}.MinSizeRel|x64.Build.0 = MinSizeRel|x64
		{461A49BF-D1E3-3E90-AB8D-EFB47CA547D6}.RelWithDebInfo|x64.ActiveCfg = RelWithDebInfo|x64
		{461A49BF-D1E3-3E90-AB8D-EFB47CA547D6}.RelWithDebInfo|x64.Build.0 = RelWithDebInfo|x64
		{2C32A6B8-9F28-335B-B643-1B7A41F4F5A8}.Debug|x64.ActiveCfg = Debug|x64
		{2C32A6B8-9F28-335B-B643-1B7A41F4F5A8}.Debug|x64.Build.0 = Debug|x64
		{2C32A6B8-9F28-335B-B643-1B7A41F4F5A8}.Release|x64.ActiveCfg = Release|x64
		{2C32A6B8-9F28-335B-B643-1B7A41F4F5A8}.Release|x64.Build.0 = Release|x64
		{2C32A6B8-9F28-335B-B643-1B7A41F4F5A8}.MinSizeRel|x64.ActiveCfg = MinSizeRel|x64
		{2C32A6B8-9F28-335B-B643-1B7A41F4F5A8}.MinSizeRel|x64.Build.0 = MinSizeRel|x64
		{2C32A6B8-9F28-335B-B643-1B7A41F4F5A8}.RelWithDebInfo|x64.ActiveCfg = RelWithDebInfo|x64
		{2C32A6B8-9F28-335B-B643-1B7A41F4F5A8}.RelWithDebInfo|x64.Build.0 = RelWithDebInfo|x64
	EndGlobalSection
	GlobalSection(ExtensibilityGlobals) = postSolution
		SolutionGuid = {856D6BF4-2CFE-3C89-A667-4A0A099DFC67}
	EndGlobalSection
	GlobalSection(ExtensibilityAddIns) = postSolution
	EndGlobalSection
EndGlobal
